
Microsoft Visual Studio Solution File, Format Version 12.00
# Visual Studio Version 16
VisualStudioVersion = 16.0.30011.22
MinimumVisualStudioVersion = 10.0.40219.1
Project("{FAE04EC0-301F-11D3-BF4B-00C04F79EFBC}") = "System Project", "System Project\System Project.csproj", "{2BAEA611-4141-4166-AA7E-7F12DFC6A1FC}"
EndProject
Global
	GlobalSection(SolutionConfigurationPlatforms) = preSolution
		Debug|Any CPU = Debug|Any CPU
		Release|Any CPU = Release|Any CPU
	EndGlobalSection
	GlobalSection(ProjectConfigurationPlatforms) = postSolution
		{2BAEA611-4141-4166-AA7E-7F12DFC6A1FC}.Debug|Any CPU.ActiveCfg = Debug|Any CPU
		{2BAEA611-4141-4166-AA7E-7F12DFC6A1FC}.Debug|Any CPU.Build.0 = Debug|Any CPU
		{2BAEA611-4141-4166-AA7E-7F12DFC6A1FC}.Release|Any CPU.ActiveCfg = Release|Any CPU
		{2BAEA611-4141-4166-AA7E-7F12DFC6A1FC}.Release|Any CPU.Build.0 = Release|Any CPU
	EndGlobalSection
	GlobalSection(SolutionProperties) = preSolution
		HideSolutionNode = FALSE
	EndGlobalSection
	GlobalSection(ExtensibilityGlobals) = postSolution
		SolutionGuid = {D229A9C4-A364-49E3-A4CD-BD300A303683}
	EndGlobalSection
EndGlobal
